// !$*UTF8*$!
{
	archiveVersion = 1;
	classes = {
	};
	objectVersion = 46;
	objects = {

/* Begin PBXBuildFile section */
		E5E515491EF943CD00D8CF93 /* AppDelegate.swift in Sources */ = {isa = PBXBuildFile; fileRef = E5E515481EF943CD00D8CF93 /* AppDelegate.swift */; };
		E5E5154B1EF943CD00D8CF93 /* ViewController.swift in Sources */ = {isa = PBXBuildFile; fileRef = E5E5154A1EF943CD00D8CF93 /* ViewController.swift */; };
		E5E5154D1EF943CD00D8CF93 /* Assets.xcassets in Resources */ = {isa = PBXBuildFile; fileRef = E5E5154C1EF943CD00D8CF93 /* Assets.xcassets */; };
		E5E515501EF943CD00D8CF93 /* Main.storyboard in Resources */ = {isa = PBXBuildFile; fileRef = E5E5154E1EF943CD00D8CF93 /* Main.storyboard */; };
		E5E515581EF96ACC00D8CF93 /* DisplayManager.swift in Sources */ = {isa = PBXBuildFile; fileRef = E5E515571EF96ACC00D8CF93 /* DisplayManager.swift */; };
/* End PBXBuildFile section */

/* Begin PBXFileReference section */
		E5E515451EF943CD00D8CF93 /* Display Menu.app */ = {isa = PBXFileReference; explicitFileType = wrapper.application; includeInIndex = 0; path = "Display Menu.app"; sourceTree = BUILT_PRODUCTS_DIR; };
		E5E515481EF943CD00D8CF93 /* AppDelegate.swift */ = {isa = PBXFileReference; lastKnownFileType = sourcecode.swift; path = AppDelegate.swift; sourceTree = "<group>"; };
		E5E5154A1EF943CD00D8CF93 /* ViewController.swift */ = {isa = PBXFileReference; lastKnownFileType = sourcecode.swift; path = ViewController.swift; sourceTree = "<group>"; };
		E5E5154C1EF943CD00D8CF93 /* Assets.xcassets */ = {isa = PBXFileReference; lastKnownFileType = folder.assetcatalog; path = Assets.xcassets; sourceTree = "<group>"; };
		E5E5154F1EF943CD00D8CF93 /* Base */ = {isa = PBXFileReference; lastKnownFileType = file.storyboard; name = Base; path = Base.lproj/Main.storyboard; sourceTree = "<group>"; };
		E5E515511EF943CD00D8CF93 /* Info.plist */ = {isa = PBXFileReference; lastKnownFileType = text.plist.xml; path = Info.plist; sourceTree = "<group>"; };
		E5E515571EF96ACC00D8CF93 /* DisplayManager.swift */ = {isa = PBXFileReference; fileEncoding = 4; lastKnownFileType = sourcecode.swift; path = DisplayManager.swift; sourceTree = "<group>"; };
/* End PBXFileReference section */

/* Begin PBXFrameworksBuildPhase section */
		E5E515421EF943CD00D8CF93 /* Frameworks */ = {
			isa = PBXFrameworksBuildPhase;
			buildActionMask = 2147483647;
			files = (
			);
			runOnlyForDeploymentPostprocessing = 0;
		};
/* End PBXFrameworksBuildPhase section */

/* Begin PBXGroup section */
		E5E5153C1EF943CD00D8CF93 = {
			isa = PBXGroup;
			children = (
				E5E515471EF943CD00D8CF93 /* Display Menu */,
				E5E515461EF943CD00D8CF93 /* Products */,
			);
			sourceTree = "<group>";
		};
		E5E515461EF943CD00D8CF93 /* Products */ = {
			isa = PBXGroup;
			children = (
				E5E515451EF943CD00D8CF93 /* Display Menu.app */,
			);
			name = Products;
			sourceTree = "<group>";
		};
		E5E515471EF943CD00D8CF93 /* Display Menu */ = {
			isa = PBXGroup;
			children = (
				E5E515481EF943CD00D8CF93 /* AppDelegate.swift */,
				E5E5154A1EF943CD00D8CF93 /* ViewController.swift */,
				E5E5154C1EF943CD00D8CF93 /* Assets.xcassets */,
				E5E5154E1EF943CD00D8CF93 /* Main.storyboard */,
				E5E515511EF943CD00D8CF93 /* Info.plist */,
				E5E515571EF96ACC00D8CF93 /* DisplayManager.swift */,
			);
			path = "Display Menu";
			sourceTree = "<group>";
		};
/* End PBXGroup section */

/* Begin PBXNativeTarget section */
		E5E515441EF943CD00D8CF93 /* Display Menu */ = {
			isa = PBXNativeTarget;
			buildConfigurationList = E5E515541EF943CD00D8CF93 /* Build configuration list for PBXNativeTarget "Display Menu" */;
			buildPhases = (
				E5E515411EF943CD00D8CF93 /* Sources */,
				E5E515421EF943CD00D8CF93 /* Frameworks */,
				E5E515431EF943CD00D8CF93 /* Resources */,
			);
			buildRules = (
			);
			dependencies = (
			);
			name = "Display Menu";
			productName = "Display Menu";
			productReference = E5E515451EF943CD00D8CF93 /* Display Menu.app */;
			productType = "com.apple.product-type.application";
		};
/* End PBXNativeTarget section */

/* Begin PBXProject section */
		E5E5153D1EF943CD00D8CF93 /* Project object */ = {
			isa = PBXProject;
			attributes = {
				LastSwiftUpdateCheck = 0830;
				LastUpgradeCheck = 0830;
				ORGANIZATIONNAME = "Chris Warrick";
				TargetAttributes = {
					E5E515441EF943CD00D8CF93 = {
						CreatedOnToolsVersion = 8.3.3;
						ProvisioningStyle = Automatic;
					};
				};
			};
			buildConfigurationList = E5E515401EF943CD00D8CF93 /* Build configuration list for PBXProject "Display Menu" */;
			compatibilityVersion = "Xcode 3.2";
			developmentRegion = English;
			hasScannedForEncodings = 0;
			knownRegions = (
				en,
				Base,
			);
			mainGroup = E5E5153C1EF943CD00D8CF93;
			productRefGroup = E5E515461EF943CD00D8CF93 /* Products */;
			projectDirPath = "";
			projectRoot = "";
			targets = (
				E5E515441EF943CD00D8CF93 /* Display Menu */,
			);
		};
/* End PBXProject section */

/* Begin PBXResourcesBuildPhase section */
		E5E515431EF943CD00D8CF93 /* Resources */ = {
			isa = PBXResourcesBuildPhase;
			buildActionMask = 2147483647;
			files = (
				E5E5154D1EF943CD00D8CF93 /* Assets.xcassets in Resources */,
				E5E515501EF943CD00D8CF93 /* Main.storyboard in Resources */,
			);
			runOnlyForDeploymentPostprocessing = 0;
		};
/* End PBXResourcesBuildPhase section */

/* Begin PBXSourcesBuildPhase section */
		E5E515411EF943CD00D8CF93 /* Sources */ = {
			isa = PBXSourcesBuildPhase;
			buildActionMask = 2147483647;
			files = (
				E5E5154B1EF943CD00D8CF93 /* ViewController.swift in Sources */,
				E5E515581EF96ACC00D8CF93 /* DisplayManager.swift in Sources */,
				E5E515491EF943CD00D8CF93 /* AppDelegate.swift in Sources */,
			);
			runOnlyForDeploymentPostprocessing = 0;
		};
/* End PBXSourcesBuildPhase section */

/* Begin PBXVariantGroup section */
		E5E5154E1EF943CD00D8CF93 /* Main.storyboard */ = {
			isa = PBXVariantGroup;
			children = (
				E5E5154F1EF943CD00D8CF93 /* Base */,
			);
			name = Main.storyboard;
			sourceTree = "<group>";
		};
/* End PBXVariantGroup section */

/* Begin XCBuildConfiguration section */
		E5E515521EF943CD00D8CF93 /* Debug */ = {
			isa = XCBuildConfiguration;
			buildSettings = {
				ALWAYS_SEARCH_USER_PATHS = NO;
				CLANG_ANALYZER_NONNULL = YES;
				CLANG_ANALYZER_NUMBER_OBJECT_CONVERSION = YES_AGGRESSIVE;
				CLANG_CXX_LANGUAGE_STANDARD = "gnu++0x";
				CLANG_CXX_LIBRARY = "libc++";
				CLANG_ENABLE_MODULES = YES;
				CLANG_ENABLE_OBJC_ARC = YES;
				CLANG_WARN_BOOL_CONVERSION = YES;
				CLANG_WARN_CONSTANT_CONVERSION = YES;
				CLANG_WARN_DIRECT_OBJC_ISA_USAGE = YES_ERROR;
				CLANG_WARN_DOCUMENTATION_COMMENTS = YES;
				CLANG_WARN_EMPTY_BODY = YES;
				CLANG_WARN_ENUM_CONVERSION = YES;
				CLANG_WARN_INFINITE_RECURSION = YES;
				CLANG_WARN_INT_CONVERSION = YES;
				CLANG_WARN_OBJC_ROOT_CLASS = YES_ERROR;
				CLANG_WARN_SUSPICIOUS_MOVE = YES;
				CLANG_WARN_UNREACHABLE_CODE = YES;
				CLANG_WARN__DUPLICATE_METHOD_MATCH = YES;
				CODE_SIGN_IDENTITY = "-";
				COPY_PHASE_STRIP = NO;
				DEBUG_INFORMATION_FORMAT = dwarf;
				ENABLE_STRICT_OBJC_MSGSEND = YES;
				ENABLE_TESTABILITY = YES;
				GCC_C_LANGUAGE_STANDARD = gnu99;
				GCC_DYNAMIC_NO_PIC = NO;
				GCC_NO_COMMON_BLOCKS = YES;
				GCC_OPTIMIZATION_LEVEL = 0;
				GCC_PREPROCESSOR_DEFINITIONS = (
					"DEBUG=1",
					"$(inherited)",
				);
				GCC_WARN_64_TO_32_BIT_CONVERSION = YES;
				GCC_WARN_ABOUT_RETURN_TYPE = YES_ERROR;
				GCC_WARN_UNDECLARED_SELECTOR = YES;
				GCC_WARN_UNINITIALIZED_AUTOS = YES_AGGRESSIVE;
				GCC_WARN_UNUSED_FUNCTION = YES;
				GCC_WARN_UNUSED_VARIABLE = YES;
				MACOSX_DEPLOYMENT_TARGET = 10.12;
				MTL_ENABLE_DEBUG_INFO = YES;
				ONLY_ACTIVE_ARCH = YES;
				SDKROOT = macosx;
				SWIFT_ACTIVE_COMPILATION_CONDITIONS = DEBUG;
				SWIFT_OPTIMIZATION_LEVEL = "-Onone";
			};
			name = Debug;
		};
		E5E515531EF943CD00D8CF93 /* Release */ = {
			isa = XCBuildConfiguration;
			buildSettings = {
				ALWAYS_SEARCH_USER_PATHS = NO;
				CLANG_ANALYZER_NONNULL = YES;
				CLANG_ANALYZER_NUMBER_OBJECT_CONVERSION = YES_AGGRESSIVE;
				CLANG_CXX_LANGUAGE_STANDARD = "gnu++0x";
				CLANG_CXX_LIBRARY = "libc++";
				CLANG_ENABLE_MODULES = YES;
				CLANG_ENABLE_OBJC_ARC = YES;
				CLANG_WARN_BOOL_CONVERSION = YES;
				CLANG_WARN_CONSTANT_CONVERSION = YES;
				CLANG_WARN_DIRECT_OBJC_ISA_USAGE = YES_ERROR;
				CLANG_WARN_DOCUMENTATION_COMMENTS = YES;
				CLANG_WARN_EMPTY_BODY = YES;
				CLANG_WARN_ENUM_CONVERSION = YES;
				CLANG_WARN_INFINITE_RECURSION = YES;
				CLANG_WARN_INT_CONVERSION = YES;
				CLANG_WARN_OBJC_ROOT_CLASS = YES_ERROR;
				CLANG_WARN_SUSPICIOUS_MOVE = YES;
				CLANG_WARN_UNREACHABLE_CODE = YES;
				CLANG_WARN__DUPLICATE_METHOD_MATCH = YES;
				CODE_SIGN_IDENTITY = "-";
				COPY_PHASE_STRIP = NO;
				DEBUG_INFORMATION_FORMAT = "dwarf-with-dsym";
				ENABLE_NS_ASSERTIONS = NO;
				ENABLE_STRICT_OBJC_MSGSEND = YES;
				GCC_C_LANGUAGE_STANDARD = gnu99;
				GCC_NO_COMMON_BLOCKS = YES;
				GCC_WARN_64_TO_32_BIT_CONVERSION = YES;
				GCC_WARN_ABOUT_RETURN_TYPE = YES_ERROR;
				GCC_WARN_UNDECLARED_SELECTOR = YES;
				GCC_WARN_UNINITIALIZED_AUTOS = YES_AGGRESSIVE;
				GCC_WARN_UNUSED_FUNCTION = YES;
				GCC_WARN_UNUSED_VARIABLE = YES;
				MACOSX_DEPLOYMENT_TARGET = 10.12;
				MTL_ENABLE_DEBUG_INFO = NO;
				SDKROOT = macosx;
				SWIFT_OPTIMIZATION_LEVEL = "-Owholemodule";
			};
			name = Release;
		};
		E5E515551EF943CD00D8CF93 /* Debug */ = {
			isa = XCBuildConfiguration;
			buildSettings = {
				ASSETCATALOG_COMPILER_APPICON_NAME = AppIcon;
				COMBINE_HIDPI_IMAGES = YES;
				INFOPLIST_FILE = "Display Menu/Info.plist";
				LD_RUNPATH_SEARCH_PATHS = "$(inherited) @executable_path/../Frameworks";
				PRODUCT_BUNDLE_IDENTIFIER = com.chriswarrick.DisplayMenu;
				PRODUCT_NAME = "$(TARGET_NAME)";
				SWIFT_VERSION = 3.0;
			};
			name = Debug;
		};
		E5E515561EF943CD00D8CF93 /* Release */ = {
			isa = XCBuildConfiguration;
			buildSettings = {
				ASSETCATALOG_COMPILER_APPICON_NAME = AppIcon;
				COMBINE_HIDPI_IMAGES = YES;
				INFOPLIST_FILE = "Display Menu/Info.plist";
				LD_RUNPATH_SEARCH_PATHS = "$(inherited) @executable_path/../Frameworks";
				PRODUCT_BUNDLE_IDENTIFIER = com.chriswarrick.DisplayMenu;
				PRODUCT_NAME = "$(TARGET_NAME)";
				SWIFT_VERSION = 3.0;
			};
			name = Release;
		};
/* End XCBuildConfiguration section */

/* Begin XCConfigurationList section */
		E5E515401EF943CD00D8CF93 /* Build configuration list for PBXProject "Display Menu" */ = {
			isa = XCConfigurationList;
			buildConfigurations = (
				E5E515521EF943CD00D8CF93 /* Debug */,
				E5E515531EF943CD00D8CF93 /* Release */,
			);
			defaultConfigurationIsVisible = 0;
			defaultConfigurationName = Release;
		};
		E5E515541EF943CD00D8CF93 /* Build configuration list for PBXNativeTarget "Display Menu" */ = {
			isa = XCConfigurationList;
			buildConfigurations = (
				E5E515551EF943CD00D8CF93 /* Debug */,
				E5E515561EF943CD00D8CF93 /* Release */,
			);
			defaultConfigurationIsVisible = 0;
			defaultConfigurationName = Release;
		};
/* End XCConfigurationList section */
	};
	rootObject = E5E5153D1EF943CD00D8CF93 /* Project object */;
}
